
Microsoft Visual Studio Solution File, Format Version 12.00
# Visual Studio Version 16
VisualStudioVersion = 16.0.31025.194
MinimumVisualStudioVersion = 10.0.40219.1
Project("{FAE04EC0-301F-11D3-BF4B-00C04F79EFBC}") = "LessionEndNuGetEssentialsProject", "LessionEndNuGetEssentialsProject\LessionEndNuGetEssentialsProject.csproj", "{063ABA3A-1C07-4234-921D-0E003F58BF7B}"
EndProject
Global
	GlobalSection(SolutionConfigurationPlatforms) = preSolution
		Debug|Any CPU = Debug|Any CPU
		Release|Any CPU = Release|Any CPU
	EndGlobalSection
	GlobalSection(ProjectConfigurationPlatforms) = postSolution
		{063ABA3A-1C07-4234-921D-0E003F58BF7B}.Debug|Any CPU.ActiveCfg = Debug|Any CPU
		{063ABA3A-1C07-4234-921D-0E003F58BF7B}.Debug|Any CPU.Build.0 = Debug|Any CPU
		{063ABA3A-1C07-4234-921D-0E003F58BF7B}.Release|Any CPU.ActiveCfg = Release|Any CPU
		{063ABA3A-1C07-4234-921D-0E003F58BF7B}.Release|Any CPU.Build.0 = Release|Any CPU
	EndGlobalSection
	GlobalSection(SolutionProperties) = preSolution
		HideSolutionNode = FALSE
	EndGlobalSection
	GlobalSection(ExtensibilityGlobals) = postSolution
		SolutionGuid = {03B65524-2EC8-4D4D-BA20-30A5486578D7}
	EndGlobalSection
EndGlobal
